
Microsoft Visual Studio Solution File, Format Version 12.00
# Visual Studio 14
VisualStudioVersion = 14.0.25420.1
MinimumVisualStudioVersion = 10.0.40219.1
Project("{FAE04EC0-301F-11D3-BF4B-00C04F79EFBC}") = "Arbitrader.UI.WPF", "Arbitrader.UI.WPF\Arbitrader.UI.WPF.csproj", "{5A1585D7-F661-4E56-A285-EA587299F1E3}"
EndProject
Project("{FAE04EC0-301F-11D3-BF4B-00C04F79EFBC}") = "Arbitrader.UserControls", "..\..\..\..\Downloads\WPFAutoComplete\WPFAutoComplete\Arbitrader.UserControls.csproj", "{3D56462B-2A8E-48A5-B369-713C64D33C16}"
EndProject
Project("{FAE04EC0-301F-11D3-BF4B-00C04F79EFBC}") = "Arbitrader.GW2API", "Arbitrader.GW2API\Arbitrader.GW2API.csproj", "{4BC26277-756F-413A-AEF8-A84416AEA0C1}"
EndProject
Project("{FAE04EC0-301F-11D3-BF4B-00C04F79EFBC}") = "Arbitrader.Sandbox", "Arbitrader.Sandbox\Arbitrader.Sandbox.csproj", "{17ECBB18-B520-417D-A64E-A7A80B3ABED4}"
EndProject
Global
	GlobalSection(SolutionConfigurationPlatforms) = preSolution
		Debug|Any CPU = Debug|Any CPU
		Release|Any CPU = Release|Any CPU
	EndGlobalSection
	GlobalSection(ProjectConfigurationPlatforms) = postSolution
		{5A1585D7-F661-4E56-A285-EA587299F1E3}.Debug|Any CPU.ActiveCfg = Debug|Any CPU
		{5A1585D7-F661-4E56-A285-EA587299F1E3}.Debug|Any CPU.Build.0 = Debug|Any CPU
		{5A1585D7-F661-4E56-A285-EA587299F1E3}.Release|Any CPU.ActiveCfg = Release|Any CPU
		{5A1585D7-F661-4E56-A285-EA587299F1E3}.Release|Any CPU.Build.0 = Release|Any CPU
		{3D56462B-2A8E-48A5-B369-713C64D33C16}.Debug|Any CPU.ActiveCfg = Debug|Any CPU
		{3D56462B-2A8E-48A5-B369-713C64D33C16}.Debug|Any CPU.Build.0 = Debug|Any CPU
		{3D56462B-2A8E-48A5-B369-713C64D33C16}.Release|Any CPU.ActiveCfg = Release|Any CPU
		{3D56462B-2A8E-48A5-B369-713C64D33C16}.Release|Any CPU.Build.0 = Release|Any CPU
		{4BC26277-756F-413A-AEF8-A84416AEA0C1}.Debug|Any CPU.ActiveCfg = Debug|Any CPU
		{4BC26277-756F-413A-AEF8-A84416AEA0C1}.Debug|Any CPU.Build.0 = Debug|Any CPU
		{4BC26277-756F-413A-AEF8-A84416AEA0C1}.Release|Any CPU.ActiveCfg = Release|Any CPU
		{4BC26277-756F-413A-AEF8-A84416AEA0C1}.Release|Any CPU.Build.0 = Release|Any CPU
		{17ECBB18-B520-417D-A64E-A7A80B3ABED4}.Debug|Any CPU.ActiveCfg = Debug|Any CPU
		{17ECBB18-B520-417D-A64E-A7A80B3ABED4}.Debug|Any CPU.Build.0 = Debug|Any CPU
		{17ECBB18-B520-417D-A64E-A7A80B3ABED4}.Release|Any CPU.ActiveCfg = Release|Any CPU
		{17ECBB18-B520-417D-A64E-A7A80B3ABED4}.Release|Any CPU.Build.0 = Release|Any CPU
	EndGlobalSection
	GlobalSection(SolutionProperties) = preSolution
		HideSolutionNode = FALSE
	EndGlobalSection
EndGlobal
